
Microsoft Visual Studio Solution File, Format Version 12.00
Project("{FAE04EC0-301F-11D3-BF4B-00C04F79EFBC}") = "Snail.Toolkit.Redis.Tests", "tests\Snail.Toolkit.Redis.Tests.csproj", "{9F363BA7-84F8-46CA-8740-3ADD109AF4B1}"
EndProject
Project("{FAE04EC0-301F-11D3-BF4B-00C04F79EFBC}") = "Snail.Toolkit.Redis", "src\Snail.Toolkit.Redis.csproj", "{B1ACFBCB-A0C7-4DF3-B5F6-2269446BFA1F}"
EndProject
Global
	GlobalSection(SolutionConfigurationPlatforms) = preSolution
		Debug|Any CPU = Debug|Any CPU
		Release|Any CPU = Release|Any CPU
	EndGlobalSection
	GlobalSection(ProjectConfigurationPlatforms) = postSolution
		{9F363BA7-84F8-46CA-8740-3ADD109AF4B1}.Debug|Any CPU.ActiveCfg = Debug|Any CPU
		{9F363BA7-84F8-46CA-8740-3ADD109AF4B1}.Debug|Any CPU.Build.0 = Debug|Any CPU
		{9F363BA7-84F8-46CA-8740-3ADD109AF4B1}.Release|Any CPU.ActiveCfg = Release|Any CPU
		{9F363BA7-84F8-46CA-8740-3ADD109AF4B1}.Release|Any CPU.Build.0 = Release|Any CPU
		{B1ACFBCB-A0C7-4DF3-B5F6-2269446BFA1F}.Debug|Any CPU.ActiveCfg = Debug|Any CPU
		{B1ACFBCB-A0C7-4DF3-B5F6-2269446BFA1F}.Debug|Any CPU.Build.0 = Debug|Any CPU
		{B1ACFBCB-A0C7-4DF3-B5F6-2269446BFA1F}.Release|Any CPU.ActiveCfg = Release|Any CPU
		{B1ACFBCB-A0C7-4DF3-B5F6-2269446BFA1F}.Release|Any CPU.Build.0 = Release|Any CPU
	EndGlobalSection
EndGlobal
